
Microsoft Visual Studio Solution File, Format Version 12.00
# Visual Studio Version 17
VisualStudioVersion = 17.5.002.0
MinimumVisualStudioVersion = 10.0.40219.1
Project("{2150E333-8FDC-42A3-9474-1A3956D46DE8}") = "GuidedProject", "GuidedProject", "{725D09D5-B946-420B-829E-3C44A7BBF718}"
EndProject
Project("{9A19103F-16F7-4668-BE54-9A1E7A4F7556}") = "Final", "GuidedProject\Final\Final.csproj", "{CEFDD59A-6A2C-4412-AE46-5E5C0D051B48}"
EndProject
Project("{9A19103F-16F7-4668-BE54-9A1E7A4F7556}") = "Starter", "GuidedProject\Starter\Starter.csproj", "{FB0F7CD5-EA07-40D9-A47D-91BC48A4D16D}"
EndProject
Global
	GlobalSection(SolutionConfigurationPlatforms) = preSolution
		Debug|Any CPU = Debug|Any CPU
		Release|Any CPU = Release|Any CPU
	EndGlobalSection
	GlobalSection(ProjectConfigurationPlatforms) = postSolution
		{CEFDD59A-6A2C-4412-AE46-5E5C0D051B48}.Debug|Any CPU.ActiveCfg = Debug|Any CPU
		{CEFDD59A-6A2C-4412-AE46-5E5C0D051B48}.Debug|Any CPU.Build.0 = Debug|Any CPU
		{CEFDD59A-6A2C-4412-AE46-5E5C0D051B48}.Release|Any CPU.ActiveCfg = Release|Any CPU
		{CEFDD59A-6A2C-4412-AE46-5E5C0D051B48}.Release|Any CPU.Build.0 = Release|Any CPU
		{FB0F7CD5-EA07-40D9-A47D-91BC48A4D16D}.Debug|Any CPU.ActiveCfg = Debug|Any CPU
		{FB0F7CD5-EA07-40D9-A47D-91BC48A4D16D}.Debug|Any CPU.Build.0 = Debug|Any CPU
		{FB0F7CD5-EA07-40D9-A47D-91BC48A4D16D}.Release|Any CPU.ActiveCfg = Release|Any CPU
		{FB0F7CD5-EA07-40D9-A47D-91BC48A4D16D}.Release|Any CPU.Build.0 = Release|Any CPU
	EndGlobalSection
	GlobalSection(SolutionProperties) = preSolution
		HideSolutionNode = FALSE
	EndGlobalSection
	GlobalSection(NestedProjects) = preSolution
		{CEFDD59A-6A2C-4412-AE46-5E5C0D051B48} = {725D09D5-B946-420B-829E-3C44A7BBF718}
		{FB0F7CD5-EA07-40D9-A47D-91BC48A4D16D} = {725D09D5-B946-420B-829E-3C44A7BBF718}
	EndGlobalSection
	GlobalSection(ExtensibilityGlobals) = postSolution
		SolutionGuid = {E397CD57-8B50-4777-B65A-F9E9B051039D}
	EndGlobalSection
EndGlobal
