
Microsoft Visual Studio Solution File, Format Version 12.00
# Visual Studio Version 17
VisualStudioVersion = 17.5.002.0
MinimumVisualStudioVersion = 10.0.40219.1
Project("{2150E333-8FDC-42A3-9474-1A3956D46DE8}") = "ChallengeProject", "ChallengeProject", "{A9EC6751-DE93-43F2-B4D7-51BE6B7B19C2}"
EndProject
Project("{9A19103F-16F7-4668-BE54-9A1E7A4F7556}") = "Final", "ChallengeProject\Final\Final.csproj", "{AE604B1E-86FE-41BA-B808-E2C450FED08C}"
EndProject
Project("{9A19103F-16F7-4668-BE54-9A1E7A4F7556}") = "Starter", "ChallengeProject\Starter\Starter.csproj", "{32881CBA-87FB-4E64-B09E-C8F261117111}"
EndProject
Global
	GlobalSection(SolutionConfigurationPlatforms) = preSolution
		Debug|Any CPU = Debug|Any CPU
		Release|Any CPU = Release|Any CPU
	EndGlobalSection
	GlobalSection(ProjectConfigurationPlatforms) = postSolution
		{AE604B1E-86FE-41BA-B808-E2C450FED08C}.Debug|Any CPU.ActiveCfg = Debug|Any CPU
		{AE604B1E-86FE-41BA-B808-E2C450FED08C}.Debug|Any CPU.Build.0 = Debug|Any CPU
		{AE604B1E-86FE-41BA-B808-E2C450FED08C}.Release|Any CPU.ActiveCfg = Release|Any CPU
		{AE604B1E-86FE-41BA-B808-E2C450FED08C}.Release|Any CPU.Build.0 = Release|Any CPU
		{32881CBA-87FB-4E64-B09E-C8F261117111}.Debug|Any CPU.ActiveCfg = Debug|Any CPU
		{32881CBA-87FB-4E64-B09E-C8F261117111}.Debug|Any CPU.Build.0 = Debug|Any CPU
		{32881CBA-87FB-4E64-B09E-C8F261117111}.Release|Any CPU.ActiveCfg = Release|Any CPU
		{32881CBA-87FB-4E64-B09E-C8F261117111}.Release|Any CPU.Build.0 = Release|Any CPU
	EndGlobalSection
	GlobalSection(SolutionProperties) = preSolution
		HideSolutionNode = FALSE
	EndGlobalSection
	GlobalSection(NestedProjects) = preSolution
		{AE604B1E-86FE-41BA-B808-E2C450FED08C} = {A9EC6751-DE93-43F2-B4D7-51BE6B7B19C2}
		{32881CBA-87FB-4E64-B09E-C8F261117111} = {A9EC6751-DE93-43F2-B4D7-51BE6B7B19C2}
	EndGlobalSection
	GlobalSection(ExtensibilityGlobals) = postSolution
		SolutionGuid = {BA62FF77-2F06-4C95-8B4C-09DCF0323888}
	EndGlobalSection
EndGlobal
