
Microsoft Visual Studio Solution File, Format Version 12.00
# Visual Studio Version 17
VisualStudioVersion = 17.5.002.0
MinimumVisualStudioVersion = 10.0.40219.1
Project("{9A19103F-16F7-4668-BE54-9A1E7A4F7556}") = "Final", "Final\Final.csproj", "{80C161B4-D49B-436E-8C21-C980DEA03B60}"
EndProject
Project("{9A19103F-16F7-4668-BE54-9A1E7A4F7556}") = "Starter", "Starter\Starter.csproj", "{C20D9BE6-708A-4B95-ACB3-16096EEE9F41}"
EndProject
Global
	GlobalSection(SolutionConfigurationPlatforms) = preSolution
		Debug|Any CPU = Debug|Any CPU
		Release|Any CPU = Release|Any CPU
	EndGlobalSection
	GlobalSection(ProjectConfigurationPlatforms) = postSolution
		{80C161B4-D49B-436E-8C21-C980DEA03B60}.Debug|Any CPU.ActiveCfg = Debug|Any CPU
		{80C161B4-D49B-436E-8C21-C980DEA03B60}.Debug|Any CPU.Build.0 = Debug|Any CPU
		{80C161B4-D49B-436E-8C21-C980DEA03B60}.Release|Any CPU.ActiveCfg = Release|Any CPU
		{80C161B4-D49B-436E-8C21-C980DEA03B60}.Release|Any CPU.Build.0 = Release|Any CPU
		{C20D9BE6-708A-4B95-ACB3-16096EEE9F41}.Debug|Any CPU.ActiveCfg = Debug|Any CPU
		{C20D9BE6-708A-4B95-ACB3-16096EEE9F41}.Debug|Any CPU.Build.0 = Debug|Any CPU
		{C20D9BE6-708A-4B95-ACB3-16096EEE9F41}.Release|Any CPU.ActiveCfg = Release|Any CPU
		{C20D9BE6-708A-4B95-ACB3-16096EEE9F41}.Release|Any CPU.Build.0 = Release|Any CPU
	EndGlobalSection
	GlobalSection(SolutionProperties) = preSolution
		HideSolutionNode = FALSE
	EndGlobalSection
	GlobalSection(ExtensibilityGlobals) = postSolution
		SolutionGuid = {14E11325-10BC-4A2B-AAC1-2E1B0225D6E8}
	EndGlobalSection
EndGlobal
